
Microsoft Visual Studio Solution File, Format Version 12.00
# Visual Studio Version 16
VisualStudioVersion = 16.0.30611.23
MinimumVisualStudioVersion = 10.0.40219.1
Project("{FAE04EC0-301F-11D3-BF4B-00C04F79EFBC}") = "ProyectoFinalMovil.Android", "ProyectoFinalMovil.Android\ProyectoFinalMovil.Android.csproj", "{257FBCC8-6B1B-4684-8ED4-1D4168E0111B}"
EndProject
Project("{FAE04EC0-301F-11D3-BF4B-00C04F79EFBC}") = "ProyectoFinalMovil.iOS", "ProyectoFinalMovil.iOS\ProyectoFinalMovil.iOS.csproj", "{91E66851-CA78-45DA-8785-C5F3CDF4A531}"
EndProject
Project("{FAE04EC0-301F-11D3-BF4B-00C04F79EFBC}") = "ProyectoFinalMovil", "ProyectoFinalMovil\ProyectoFinalMovil.csproj", "{1E7B4485-9778-499B-BDC8-C6EC80EB5F4F}"
EndProject
Global
	GlobalSection(SolutionConfigurationPlatforms) = preSolution
		Debug|Any CPU = Debug|Any CPU
		Debug|iPhone = Debug|iPhone
		Debug|iPhoneSimulator = Debug|iPhoneSimulator
		Release|Any CPU = Release|Any CPU
		Release|iPhone = Release|iPhone
		Release|iPhoneSimulator = Release|iPhoneSimulator
	EndGlobalSection
	GlobalSection(ProjectConfigurationPlatforms) = postSolution
		{257FBCC8-6B1B-4684-8ED4-1D4168E0111B}.Debug|Any CPU.ActiveCfg = Debug|Any CPU
		{257FBCC8-6B1B-4684-8ED4-1D4168E0111B}.Debug|Any CPU.Build.0 = Debug|Any CPU
		{257FBCC8-6B1B-4684-8ED4-1D4168E0111B}.Debug|Any CPU.Deploy.0 = Debug|Any CPU
		{257FBCC8-6B1B-4684-8ED4-1D4168E0111B}.Debug|iPhone.ActiveCfg = Debug|Any CPU
		{257FBCC8-6B1B-4684-8ED4-1D4168E0111B}.Debug|iPhone.Build.0 = Debug|Any CPU
		{257FBCC8-6B1B-4684-8ED4-1D4168E0111B}.Debug|iPhone.Deploy.0 = Debug|Any CPU
		{257FBCC8-6B1B-4684-8ED4-1D4168E0111B}.Debug|iPhoneSimulator.ActiveCfg = Debug|Any CPU
		{257FBCC8-6B1B-4684-8ED4-1D4168E0111B}.Debug|iPhoneSimulator.Build.0 = Debug|Any CPU
		{257FBCC8-6B1B-4684-8ED4-1D4168E0111B}.Debug|iPhoneSimulator.Deploy.0 = Debug|Any CPU
		{257FBCC8-6B1B-4684-8ED4-1D4168E0111B}.Release|Any CPU.ActiveCfg = Release|Any CPU
		{257FBCC8-6B1B-4684-8ED4-1D4168E0111B}.Release|Any CPU.Build.0 = Release|Any CPU
		{257FBCC8-6B1B-4684-8ED4-1D4168E0111B}.Release|Any CPU.Deploy.0 = Release|Any CPU
		{257FBCC8-6B1B-4684-8ED4-1D4168E0111B}.Release|iPhone.ActiveCfg = Release|Any CPU
		{257FBCC8-6B1B-4684-8ED4-1D4168E0111B}.Release|iPhone.Build.0 = Release|Any CPU
		{257FBCC8-6B1B-4684-8ED4-1D4168E0111B}.Release|iPhone.Deploy.0 = Release|Any CPU
		{257FBCC8-6B1B-4684-8ED4-1D4168E0111B}.Release|iPhoneSimulator.ActiveCfg = Release|Any CPU
		{257FBCC8-6B1B-4684-8ED4-1D4168E0111B}.Release|iPhoneSimulator.Build.0 = Release|Any CPU
		{257FBCC8-6B1B-4684-8ED4-1D4168E0111B}.Release|iPhoneSimulator.Deploy.0 = Release|Any CPU
		{91E66851-CA78-45DA-8785-C5F3CDF4A531}.Debug|Any CPU.ActiveCfg = Debug|iPhone
		{91E66851-CA78-45DA-8785-C5F3CDF4A531}.Debug|Any CPU.Build.0 = Debug|iPhone
		{91E66851-CA78-45DA-8785-C5F3CDF4A531}.Debug|Any CPU.Deploy.0 = Debug|iPhone
		{91E66851-CA78-45DA-8785-C5F3CDF4A531}.Debug|iPhone.ActiveCfg = Debug|iPhone
		{91E66851-CA78-45DA-8785-C5F3CDF4A531}.Debug|iPhone.Build.0 = Debug|iPhone
		{91E66851-CA78-45DA-8785-C5F3CDF4A531}.Debug|iPhone.Deploy.0 = Debug|iPhone
		{91E66851-CA78-45DA-8785-C5F3CDF4A531}.Debug|iPhoneSimulator.ActiveCfg = Debug|iPhoneSimulator
		{91E66851-CA78-45DA-8785-C5F3CDF4A531}.Debug|iPhoneSimulator.Build.0 = Debug|iPhoneSimulator
		{91E66851-CA78-45DA-8785-C5F3CDF4A531}.Debug|iPhoneSimulator.Deploy.0 = Debug|iPhoneSimulator
		{91E66851-CA78-45DA-8785-C5F3CDF4A531}.Release|Any CPU.ActiveCfg = Release|iPhoneSimulator
		{91E66851-CA78-45DA-8785-C5F3CDF4A531}.Release|Any CPU.Build.0 = Release|iPhoneSimulator
		{91E66851-CA78-45DA-8785-C5F3CDF4A531}.Release|Any CPU.Deploy.0 = Release|iPhoneSimulator
		{91E66851-CA78-45DA-8785-C5F3CDF4A531}.Release|iPhone.ActiveCfg = Release|iPhone
		{91E66851-CA78-45DA-8785-C5F3CDF4A531}.Release|iPhone.Build.0 = Release|iPhone
		{91E66851-CA78-45DA-8785-C5F3CDF4A531}.Release|iPhone.Deploy.0 = Release|iPhone
		{91E66851-CA78-45DA-8785-C5F3CDF4A531}.Release|iPhoneSimulator.ActiveCfg = Release|iPhoneSimulator
		{91E66851-CA78-45DA-8785-C5F3CDF4A531}.Release|iPhoneSimulator.Build.0 = Release|iPhoneSimulator
		{91E66851-CA78-45DA-8785-C5F3CDF4A531}.Release|iPhoneSimulator.Deploy.0 = Release|iPhoneSimulator
		{1E7B4485-9778-499B-BDC8-C6EC80EB5F4F}.Debug|Any CPU.ActiveCfg = Debug|Any CPU
		{1E7B4485-9778-499B-BDC8-C6EC80EB5F4F}.Debug|Any CPU.Build.0 = Debug|Any CPU
		{1E7B4485-9778-499B-BDC8-C6EC80EB5F4F}.Debug|Any CPU.Deploy.0 = Debug|Any CPU
		{1E7B4485-9778-499B-BDC8-C6EC80EB5F4F}.Debug|iPhone.ActiveCfg = Debug|Any CPU
		{1E7B4485-9778-499B-BDC8-C6EC80EB5F4F}.Debug|iPhone.Build.0 = Debug|Any CPU
		{1E7B4485-9778-499B-BDC8-C6EC80EB5F4F}.Debug|iPhone.Deploy.0 = Debug|Any CPU
		{1E7B4485-9778-499B-BDC8-C6EC80EB5F4F}.Debug|iPhoneSimulator.ActiveCfg = Debug|Any CPU
		{1E7B4485-9778-499B-BDC8-C6EC80EB5F4F}.Debug|iPhoneSimulator.Build.0 = Debug|Any CPU
		{1E7B4485-9778-499B-BDC8-C6EC80EB5F4F}.Debug|iPhoneSimulator.Deploy.0 = Debug|Any CPU
		{1E7B4485-9778-499B-BDC8-C6EC80EB5F4F}.Release|Any CPU.ActiveCfg = Release|Any CPU
		{1E7B4485-9778-499B-BDC8-C6EC80EB5F4F}.Release|Any CPU.Build.0 = Release|Any CPU
		{1E7B4485-9778-499B-BDC8-C6EC80EB5F4F}.Release|Any CPU.Deploy.0 = Release|Any CPU
		{1E7B4485-9778-499B-BDC8-C6EC80EB5F4F}.Release|iPhone.ActiveCfg = Release|Any CPU
		{1E7B4485-9778-499B-BDC8-C6EC80EB5F4F}.Release|iPhone.Build.0 = Release|Any CPU
		{1E7B4485-9778-499B-BDC8-C6EC80EB5F4F}.Release|iPhone.Deploy.0 = Release|Any CPU
		{1E7B4485-9778-499B-BDC8-C6EC80EB5F4F}.Release|iPhoneSimulator.ActiveCfg = Release|Any CPU
		{1E7B4485-9778-499B-BDC8-C6EC80EB5F4F}.Release|iPhoneSimulator.Build.0 = Release|Any CPU
		{1E7B4485-9778-499B-BDC8-C6EC80EB5F4F}.Release|iPhoneSimulator.Deploy.0 = Release|Any CPU
	EndGlobalSection
	GlobalSection(SolutionProperties) = preSolution
		HideSolutionNode = FALSE
	EndGlobalSection
	GlobalSection(ExtensibilityGlobals) = postSolution
		SolutionGuid = {D1F949DF-B291-444B-8E92-80A883B5B1C9}
	EndGlobalSection
EndGlobal
